
Microsoft Visual Studio Solution File, Format Version 12.00
# Visual Studio 14
VisualStudioVersion = 14.0.23107.0
MinimumVisualStudioVersion = 10.0.40219.1
Project("{8BC9CEB8-8B4A-11D0-8D11-00A0C91BC942}") = "CloudMonitor", "CloudMonitor\CloudMonitor.vcxproj", "{4A092B22-A339-4259-9CA9-FE3FDDA3F82A}"
EndProject
Project("{8BC9CEB8-8B4A-11D0-8D11-00A0C91BC942}") = "HooKeyboard", "HooKeyboard\HooKeyboard.vcxproj", "{693C280D-5B78-4C36-86C0-9A49218B47A4}"
EndProject
Project("{8BC9CEB8-8B4A-11D0-8D11-00A0C91BC942}") = "MonitorService", "MonitroService\MonitroService.vcxproj", "{590FF3AC-508C-4506-BE1C-2888FEB464C6}"
EndProject
Project("{8BC9CEB8-8B4A-11D0-8D11-00A0C91BC942}") = "Monitor", "Monitor\Monitor.vcxproj", "{A8AA0C7E-4A6F-4455-9ED5-34B189DA9CD1}"
EndProject
Project("{8BC9CEB8-8B4A-11D0-8D11-00A0C91BC942}") = "Daemon", "Daemon\Daemon.vcxproj", "{5459490B-9F87-401E-8225-709935F99F3F}"
EndProject
Project("{54435603-DBB4-11D2-8724-00A0C9A8B90C}") = "云控客户端Setup", "Setup\Setup.vdproj", "{637E20AD-D81E-4641-BCF9-0807C71CDC98}"
EndProject
Project("{8BC9CEB8-8B4A-11D0-8D11-00A0C91BC942}") = "Update", "Update\Update.vcxproj", "{8F8A6007-D7C3-4C0A-A82B-DFE915F1AA68}"
EndProject
Global
	GlobalSection(SolutionConfigurationPlatforms) = preSolution
		Debug|Any CPU = Debug|Any CPU
		Debug|ARM = Debug|ARM
		Debug|ARM64 = Debug|ARM64
		Debug|x64 = Debug|x64
		Debug|x86 = Debug|x86
		Release|Any CPU = Release|Any CPU
		Release|ARM = Release|ARM
		Release|ARM64 = Release|ARM64
		Release|x64 = Release|x64
		Release|x86 = Release|x86
	EndGlobalSection
	GlobalSection(ProjectConfigurationPlatforms) = postSolution
		{4A092B22-A339-4259-9CA9-FE3FDDA3F82A}.Debug|Any CPU.ActiveCfg = Debug|Win32
		{4A092B22-A339-4259-9CA9-FE3FDDA3F82A}.Debug|ARM.ActiveCfg = Debug|Win32
		{4A092B22-A339-4259-9CA9-FE3FDDA3F82A}.Debug|ARM64.ActiveCfg = Debug|Win32
		{4A092B22-A339-4259-9CA9-FE3FDDA3F82A}.Debug|x64.ActiveCfg = Debug|x64
		{4A092B22-A339-4259-9CA9-FE3FDDA3F82A}.Debug|x64.Build.0 = Debug|x64
		{4A092B22-A339-4259-9CA9-FE3FDDA3F82A}.Debug|x86.ActiveCfg = Debug|Win32
		{4A092B22-A339-4259-9CA9-FE3FDDA3F82A}.Debug|x86.Build.0 = Debug|Win32
		{4A092B22-A339-4259-9CA9-FE3FDDA3F82A}.Release|Any CPU.ActiveCfg = Release|Win32
		{4A092B22-A339-4259-9CA9-FE3FDDA3F82A}.Release|ARM.ActiveCfg = Release|Win32
		{4A092B22-A339-4259-9CA9-FE3FDDA3F82A}.Release|ARM64.ActiveCfg = Release|Win32
		{4A092B22-A339-4259-9CA9-FE3FDDA3F82A}.Release|x64.ActiveCfg = Release|x64
		{4A092B22-A339-4259-9CA9-FE3FDDA3F82A}.Release|x64.Build.0 = Release|x64
		{4A092B22-A339-4259-9CA9-FE3FDDA3F82A}.Release|x86.ActiveCfg = Release|Win32
		{4A092B22-A339-4259-9CA9-FE3FDDA3F82A}.Release|x86.Build.0 = Release|Win32
		{693C280D-5B78-4C36-86C0-9A49218B47A4}.Debug|Any CPU.ActiveCfg = Debug|Win32
		{693C280D-5B78-4C36-86C0-9A49218B47A4}.Debug|ARM.ActiveCfg = Debug|Win32
		{693C280D-5B78-4C36-86C0-9A49218B47A4}.Debug|ARM64.ActiveCfg = Debug|Win32
		{693C280D-5B78-4C36-86C0-9A49218B47A4}.Debug|x64.ActiveCfg = Debug|x64
		{693C280D-5B78-4C36-86C0-9A49218B47A4}.Debug|x64.Build.0 = Debug|x64
		{693C280D-5B78-4C36-86C0-9A49218B47A4}.Debug|x86.ActiveCfg = Debug|Win32
		{693C280D-5B78-4C36-86C0-9A49218B47A4}.Debug|x86.Build.0 = Debug|Win32
		{693C280D-5B78-4C36-86C0-9A49218B47A4}.Release|Any CPU.ActiveCfg = Release|Win32
		{693C280D-5B78-4C36-86C0-9A49218B47A4}.Release|ARM.ActiveCfg = Release|Win32
		{693C280D-5B78-4C36-86C0-9A49218B47A4}.Release|ARM64.ActiveCfg = Release|Win32
		{693C280D-5B78-4C36-86C0-9A49218B47A4}.Release|x64.ActiveCfg = Release|x64
		{693C280D-5B78-4C36-86C0-9A49218B47A4}.Release|x64.Build.0 = Release|x64
		{693C280D-5B78-4C36-86C0-9A49218B47A4}.Release|x86.ActiveCfg = Release|Win32
		{693C280D-5B78-4C36-86C0-9A49218B47A4}.Release|x86.Build.0 = Release|Win32
		{590FF3AC-508C-4506-BE1C-2888FEB464C6}.Debug|Any CPU.ActiveCfg = Debug|Win32
		{590FF3AC-508C-4506-BE1C-2888FEB464C6}.Debug|ARM.ActiveCfg = Debug|Win32
		{590FF3AC-508C-4506-BE1C-2888FEB464C6}.Debug|ARM64.ActiveCfg = Debug|Win32
		{590FF3AC-508C-4506-BE1C-2888FEB464C6}.Debug|x64.ActiveCfg = Debug|x64
		{590FF3AC-508C-4506-BE1C-2888FEB464C6}.Debug|x64.Build.0 = Debug|x64
		{590FF3AC-508C-4506-BE1C-2888FEB464C6}.Debug|x86.ActiveCfg = Debug|Win32
		{590FF3AC-508C-4506-BE1C-2888FEB464C6}.Debug|x86.Build.0 = Debug|Win32
		{590FF3AC-508C-4506-BE1C-2888FEB464C6}.Release|Any CPU.ActiveCfg = Release|Win32
		{590FF3AC-508C-4506-BE1C-2888FEB464C6}.Release|ARM.ActiveCfg = Release|Win32
		{590FF3AC-508C-4506-BE1C-2888FEB464C6}.Release|ARM64.ActiveCfg = Release|Win32
		{590FF3AC-508C-4506-BE1C-2888FEB464C6}.Release|x64.ActiveCfg = Release|x64
		{590FF3AC-508C-4506-BE1C-2888FEB464C6}.Release|x64.Build.0 = Release|x64
		{590FF3AC-508C-4506-BE1C-2888FEB464C6}.Release|x86.ActiveCfg = Release|Win32
		{590FF3AC-508C-4506-BE1C-2888FEB464C6}.Release|x86.Build.0 = Release|Win32
		{A8AA0C7E-4A6F-4455-9ED5-34B189DA9CD1}.Debug|Any CPU.ActiveCfg = Debug|Win32
		{A8AA0C7E-4A6F-4455-9ED5-34B189DA9CD1}.Debug|ARM.ActiveCfg = Debug|Win32
		{A8AA0C7E-4A6F-4455-9ED5-34B189DA9CD1}.Debug|ARM64.ActiveCfg = Debug|Win32
		{A8AA0C7E-4A6F-4455-9ED5-34B189DA9CD1}.Debug|x64.ActiveCfg = Debug|x64
		{A8AA0C7E-4A6F-4455-9ED5-34B189DA9CD1}.Debug|x64.Build.0 = Debug|x64
		{A8AA0C7E-4A6F-4455-9ED5-34B189DA9CD1}.Debug|x86.ActiveCfg = Debug|Win32
		{A8AA0C7E-4A6F-4455-9ED5-34B189DA9CD1}.Debug|x86.Build.0 = Debug|Win32
		{A8AA0C7E-4A6F-4455-9ED5-34B189DA9CD1}.Release|Any CPU.ActiveCfg = Release|Win32
		{A8AA0C7E-4A6F-4455-9ED5-34B189DA9CD1}.Release|ARM.ActiveCfg = Release|Win32
		{A8AA0C7E-4A6F-4455-9ED5-34B189DA9CD1}.Release|ARM64.ActiveCfg = Release|Win32
		{A8AA0C7E-4A6F-4455-9ED5-34B189DA9CD1}.Release|x64.ActiveCfg = Release|x64
		{A8AA0C7E-4A6F-4455-9ED5-34B189DA9CD1}.Release|x64.Build.0 = Release|x64
		{A8AA0C7E-4A6F-4455-9ED5-34B189DA9CD1}.Release|x86.ActiveCfg = Release|Win32
		{A8AA0C7E-4A6F-4455-9ED5-34B189DA9CD1}.Release|x86.Build.0 = Release|Win32
		{5459490B-9F87-401E-8225-709935F99F3F}.Debug|Any CPU.ActiveCfg = Debug|Win32
		{5459490B-9F87-401E-8225-709935F99F3F}.Debug|ARM.ActiveCfg = Debug|Win32
		{5459490B-9F87-401E-8225-709935F99F3F}.Debug|ARM64.ActiveCfg = Debug|Win32
		{5459490B-9F87-401E-8225-709935F99F3F}.Debug|x64.ActiveCfg = Debug|x64
		{5459490B-9F87-401E-8225-709935F99F3F}.Debug|x64.Build.0 = Debug|x64
		{5459490B-9F87-401E-8225-709935F99F3F}.Debug|x86.ActiveCfg = Debug|Win32
		{5459490B-9F87-401E-8225-709935F99F3F}.Debug|x86.Build.0 = Debug|Win32
		{5459490B-9F87-401E-8225-709935F99F3F}.Release|Any CPU.ActiveCfg = Release|Win32
		{5459490B-9F87-401E-8225-709935F99F3F}.Release|ARM.ActiveCfg = Release|Win32
		{5459490B-9F87-401E-8225-709935F99F3F}.Release|ARM64.ActiveCfg = Release|Win32
		{5459490B-9F87-401E-8225-709935F99F3F}.Release|x64.ActiveCfg = Release|x64
		{5459490B-9F87-401E-8225-709935F99F3F}.Release|x64.Build.0 = Release|x64
		{5459490B-9F87-401E-8225-709935F99F3F}.Release|x86.ActiveCfg = Release|Win32
		{5459490B-9F87-401E-8225-709935F99F3F}.Release|x86.Build.0 = Release|Win32
		{637E20AD-D81E-4641-BCF9-0807C71CDC98}.Debug|Any CPU.ActiveCfg = Debug
		{637E20AD-D81E-4641-BCF9-0807C71CDC98}.Debug|ARM.ActiveCfg = Debug
		{637E20AD-D81E-4641-BCF9-0807C71CDC98}.Debug|ARM64.ActiveCfg = Debug
		{637E20AD-D81E-4641-BCF9-0807C71CDC98}.Debug|x64.ActiveCfg = Debug
		{637E20AD-D81E-4641-BCF9-0807C71CDC98}.Debug|x86.ActiveCfg = Debug
		{637E20AD-D81E-4641-BCF9-0807C71CDC98}.Release|Any CPU.ActiveCfg = Release
		{637E20AD-D81E-4641-BCF9-0807C71CDC98}.Release|ARM.ActiveCfg = Release
		{637E20AD-D81E-4641-BCF9-0807C71CDC98}.Release|ARM64.ActiveCfg = Release
		{637E20AD-D81E-4641-BCF9-0807C71CDC98}.Release|x64.ActiveCfg = Release
		{637E20AD-D81E-4641-BCF9-0807C71CDC98}.Release|x86.ActiveCfg = Release
		{8F8A6007-D7C3-4C0A-A82B-DFE915F1AA68}.Debug|Any CPU.ActiveCfg = Debug|Win32
		{8F8A6007-D7C3-4C0A-A82B-DFE915F1AA68}.Debug|ARM.ActiveCfg = Debug|Win32
		{8F8A6007-D7C3-4C0A-A82B-DFE915F1AA68}.Debug|ARM64.ActiveCfg = Debug|Win32
		{8F8A6007-D7C3-4C0A-A82B-DFE915F1AA68}.Debug|x64.ActiveCfg = Debug|x64
		{8F8A6007-D7C3-4C0A-A82B-DFE915F1AA68}.Debug|x64.Build.0 = Debug|x64
		{8F8A6007-D7C3-4C0A-A82B-DFE915F1AA68}.Debug|x86.ActiveCfg = Debug|Win32
		{8F8A6007-D7C3-4C0A-A82B-DFE915F1AA68}.Debug|x86.Build.0 = Debug|Win32
		{8F8A6007-D7C3-4C0A-A82B-DFE915F1AA68}.Release|Any CPU.ActiveCfg = Release|Win32
		{8F8A6007-D7C3-4C0A-A82B-DFE915F1AA68}.Release|ARM.ActiveCfg = Release|Win32
		{8F8A6007-D7C3-4C0A-A82B-DFE915F1AA68}.Release|ARM64.ActiveCfg = Release|Win32
		{8F8A6007-D7C3-4C0A-A82B-DFE915F1AA68}.Release|x64.ActiveCfg = Release|x64
		{8F8A6007-D7C3-4C0A-A82B-DFE915F1AA68}.Release|x64.Build.0 = Release|x64
		{8F8A6007-D7C3-4C0A-A82B-DFE915F1AA68}.Release|x86.ActiveCfg = Release|Win32
		{8F8A6007-D7C3-4C0A-A82B-DFE915F1AA68}.Release|x86.Build.0 = Release|Win32
	EndGlobalSection
	GlobalSection(SolutionProperties) = preSolution
		HideSolutionNode = FALSE
	EndGlobalSection
EndGlobal
